
Microsoft Visual Studio Solution File, Format Version 12.00
# Visual Studio 14
VisualStudioVersion = 14.0.25123.0
MinimumVisualStudioVersion = 10.0.40219.1
Project("{FAE04EC0-301F-11D3-BF4B-00C04F79EFBC}") = "life", "lifeEngine.csproj", "{310A116A-1D21-44F2-890D-8DAE739FF9DA}"
EndProject
Project("{FAE04EC0-301F-11D3-BF4B-00C04F79EFBC}") = "lifeTest", "lifeTest\lifeTest.csproj", "{82F4B572-3BE5-4EB1-86A9-D0B291B83139}"
EndProject
Global
	GlobalSection(SolutionConfigurationPlatforms) = preSolution
		Debug|Any CPU = Debug|Any CPU
		Release|Any CPU = Release|Any CPU
	EndGlobalSection
	GlobalSection(ProjectConfigurationPlatforms) = postSolution
		{310A116A-1D21-44F2-890D-8DAE739FF9DA}.Debug|Any CPU.ActiveCfg = Debug|Any CPU
		{310A116A-1D21-44F2-890D-8DAE739FF9DA}.Debug|Any CPU.Build.0 = Debug|Any CPU
		{310A116A-1D21-44F2-890D-8DAE739FF9DA}.Release|Any CPU.ActiveCfg = Release|Any CPU
		{310A116A-1D21-44F2-890D-8DAE739FF9DA}.Release|Any CPU.Build.0 = Release|Any CPU
		{82F4B572-3BE5-4EB1-86A9-D0B291B83139}.Debug|Any CPU.ActiveCfg = Debug|Any CPU
		{82F4B572-3BE5-4EB1-86A9-D0B291B83139}.Debug|Any CPU.Build.0 = Debug|Any CPU
		{82F4B572-3BE5-4EB1-86A9-D0B291B83139}.Release|Any CPU.ActiveCfg = Release|Any CPU
		{82F4B572-3BE5-4EB1-86A9-D0B291B83139}.Release|Any CPU.Build.0 = Release|Any CPU
	EndGlobalSection
	GlobalSection(SolutionProperties) = preSolution
		HideSolutionNode = FALSE
	EndGlobalSection
EndGlobal
